PODS:
  - BigInt (5.2.0)
  - CryptoSwift (1.5.1)
  - PromiseKit (6.15.3):
    - PromiseKit/CorePromise (= 6.15.3)
    - PromiseKit/Foundation (= 6.15.3)
    - PromiseKit/UIKit (= 6.15.3)
  - PromiseKit/CorePromise (6.15.3)
  - PromiseKit/Foundation (6.15.3):
    - PromiseKit/CorePromise
  - PromiseKit/UIKit (6.15.3):
    - PromiseKit/CorePromise
  - secp256k1.c (0.1.2)
  - Starscream (4.0.4)
  - web3swift (2.6.6):
    - BigInt (= 5.2.0)
    - CryptoSwift (= 1.5.1)
    - PromiseKit (= 6.15.3)
    - secp256k1.c (= 0.1.2)
    - Starscream (= 4.0.4)

DEPENDENCIES:
  - web3swift

SPEC REPOS:
  trunk:
    - BigInt
    - CryptoSwift
    - PromiseKit
    - secp256k1.c
    - Starscream
    - web3swift

SPEC CHECKSUMS:
  BigInt: f668a80089607f521586bbe29513d708491ef2f7
  CryptoSwift: c4f2debceb38bf44c80659afe009f71e23e4a082
  PromiseKit: 3b2b6995e51a954c46dbc550ce3da44fbfb563c5
  secp256k1.c: db47b726585d80f027423682eb369729e61b3b20
  Starscream: 5178aed56b316f13fa3bc55694e583d35dd414d9
  web3swift: bee1e0550e43f1369dc9f34d5a01f537284c9e9a

PODFILE CHECKSUM: 46b73767f7578054c8a3baa51528c3d4f3402404

COCOAPODS: 1.11.3
